
Microsoft Visual Studio Solution File, Format Version 12.00
# Visual Studio 15
VisualStudioVersion = 15.0.26228.9
MinimumVisualStudioVersion = 10.0.40219.1
Project("{FAE04EC0-301F-11D3-BF4B-00C04F79EFBC}") = "Rojek_test", "Rojek_test\Rojek_test.csproj", "{16C32274-A54F-488A-89EF-9050F084D2ED}"
EndProject
Project("{FAE04EC0-301F-11D3-BF4B-00C04F79EFBC}") = "Rojek_test.Test", "Rojek_test.Test\Rojek_test.Test.csproj", "{1F5671FB-E6E8-41BE-A216-F8EA286BD82F}"
EndProject
Global
	GlobalSection(SolutionConfigurationPlatforms) = preSolution
		Debug|Any CPU = Debug|Any CPU
		Release|Any CPU = Release|Any CPU
	EndGlobalSection
	GlobalSection(ProjectConfigurationPlatforms) = postSolution
		{16C32274-A54F-488A-89EF-9050F084D2ED}.Debug|Any CPU.ActiveCfg = Debug|Any CPU
		{16C32274-A54F-488A-89EF-9050F084D2ED}.Debug|Any CPU.Build.0 = Debug|Any CPU
		{16C32274-A54F-488A-89EF-9050F084D2ED}.Release|Any CPU.ActiveCfg = Release|Any CPU
		{16C32274-A54F-488A-89EF-9050F084D2ED}.Release|Any CPU.Build.0 = Release|Any CPU
		{1F5671FB-E6E8-41BE-A216-F8EA286BD82F}.Debug|Any CPU.ActiveCfg = Debug|Any CPU
		{1F5671FB-E6E8-41BE-A216-F8EA286BD82F}.Debug|Any CPU.Build.0 = Debug|Any CPU
		{1F5671FB-E6E8-41BE-A216-F8EA286BD82F}.Release|Any CPU.ActiveCfg = Release|Any CPU
		{1F5671FB-E6E8-41BE-A216-F8EA286BD82F}.Release|Any CPU.Build.0 = Release|Any CPU
	EndGlobalSection
	GlobalSection(SolutionProperties) = preSolution
		HideSolutionNode = FALSE
	EndGlobalSection
EndGlobal
